// !$*UTF8*$!
{
	archiveVersion = 1;
	classes = {
	};
	objectVersion = 55;
	objects = {

/* Begin PBXBuildFile section */
		8F49895F27CDF1AB00432C6B /* SwiftUI_Chat_AppApp.swift in Sources */ = {isa = PBXBuildFile; fileRef = 8F49895E27CDF1AB00432C6B /* SwiftUI_Chat_AppApp.swift */; };
		8F49896127CDF1AB00432C6B /* ContentView.swift in Sources */ = {isa = PBXBuildFile; fileRef = 8F49896027CDF1AB00432C6B /* ContentView.swift */; };
		8F49896327CDF1AC00432C6B /* Assets.xcassets in Resources */ = {isa = PBXBuildFile; fileRef = 8F49896227CDF1AC00432C6B /* Assets.xcassets */; };
		8F49896627CDF1AC00432C6B /* Preview Assets.xcassets in Resources */ = {isa = PBXBuildFile; fileRef = 8F49896527CDF1AC00432C6B /* Preview Assets.xcassets */; };
		8F49896E27CDF59800432C6B /* TitleRow.swift in Sources */ = {isa = PBXBuildFile; fileRef = 8F49896D27CDF59800432C6B /* TitleRow.swift */; };
		8F49897227CE1F6800432C6B /* Message.swift in Sources */ = {isa = PBXBuildFile; fileRef = 8F49897127CE1F6800432C6B /* Message.swift */; };
		8F49897627CE22D800432C6B /* MassageBubble.swift in Sources */ = {isa = PBXBuildFile; fileRef = 8F49897527CE22D800432C6B /* MassageBubble.swift */; };
		8F49897827CE3C1100432C6B /* Extensions.swift in Sources */ = {isa = PBXBuildFile; fileRef = 8F49897727CE3C1000432C6B /* Extensions.swift */; };
/* End PBXBuildFile section */

/* Begin PBXFileReference section */
		8F49895B27CDF1AB00432C6B /* SwiftUI_Chat_App.app */ = {isa = PBXFileReference; explicitFileType = wrapper.application; includeInIndex = 0; path = SwiftUI_Chat_App.app; sourceTree = BUILT_PRODUCTS_DIR; };
		8F49895E27CDF1AB00432C6B /* SwiftUI_Chat_AppApp.swift */ = {isa = PBXFileReference; lastKnownFileType = sourcecode.swift; path = SwiftUI_Chat_AppApp.swift; sourceTree = "<group>"; };
		8F49896027CDF1AB00432C6B /* ContentView.swift */ = {isa = PBXFileReference; lastKnownFileType = sourcecode.swift; path = ContentView.swift; sourceTree = "<group>"; };
		8F49896227CDF1AC00432C6B /* Assets.xcassets */ = {isa = PBXFileReference; lastKnownFileType = folder.assetcatalog; path = Assets.xcassets; sourceTree = "<group>"; };
		8F49896527CDF1AC00432C6B /* Preview Assets.xcassets */ = {isa = PBXFileReference; lastKnownFileType = folder.assetcatalog; path = "Preview Assets.xcassets"; sourceTree = "<group>"; };
		8F49896D27CDF59800432C6B /* TitleRow.swift */ = {isa = PBXFileReference; lastKnownFileType = sourcecode.swift; path = TitleRow.swift; sourceTree = "<group>"; };
		8F49897127CE1F6800432C6B /* Message.swift */ = {isa = PBXFileReference; lastKnownFileType = sourcecode.swift; path = Message.swift; sourceTree = "<group>"; };
		8F49897527CE22D800432C6B /* MassageBubble.swift */ = {isa = PBXFileReference; lastKnownFileType = sourcecode.swift; path = MassageBubble.swift; sourceTree = "<group>"; };
		8F49897727CE3C1000432C6B /* Extensions.swift */ = {isa = PBXFileReference; lastKnownFileType = sourcecode.swift; path = Extensions.swift; sourceTree = "<group>"; };
/* End PBXFileReference section */

/* Begin PBXFrameworksBuildPhase section */
		8F49895827CDF1AB00432C6B /* Frameworks */ = {
			isa = PBXFrameworksBuildPhase;
			buildActionMask = 2147483647;
			files = (
			);
			runOnlyForDeploymentPostprocessing = 0;
		};
/* End PBXFrameworksBuildPhase section */

/* Begin PBXGroup section */
		8F49895227CDF1AA00432C6B = {
			isa = PBXGroup;
			children = (
				8F49895D27CDF1AB00432C6B /* SwiftUI_Chat_App */,
				8F49895C27CDF1AB00432C6B /* Products */,
			);
			sourceTree = "<group>";
		};
		8F49895C27CDF1AB00432C6B /* Products */ = {
			isa = PBXGroup;
			children = (
				8F49895B27CDF1AB00432C6B /* SwiftUI_Chat_App.app */,
			);
			name = Products;
			sourceTree = "<group>";
		};
		8F49895D27CDF1AB00432C6B /* SwiftUI_Chat_App */ = {
			isa = PBXGroup;
			children = (
				8F49895E27CDF1AB00432C6B /* SwiftUI_Chat_AppApp.swift */,
				8F49896027CDF1AB00432C6B /* ContentView.swift */,
				8F49897027CE1F2700432C6B /* Models */,
				8F49896C27CDF53900432C6B /* Component */,
				8F49896227CDF1AC00432C6B /* Assets.xcassets */,
				8F49896427CDF1AC00432C6B /* Preview Content */,
				8F49897727CE3C1000432C6B /* Extensions.swift */,
			);
			path = SwiftUI_Chat_App;
			sourceTree = "<group>";
		};
		8F49896427CDF1AC00432C6B /* Preview Content */ = {
			isa = PBXGroup;
			children = (
				8F49896527CDF1AC00432C6B /* Preview Assets.xcassets */,
			);
			path = "Preview Content";
			sourceTree = "<group>";
		};
		8F49896C27CDF53900432C6B /* Component */ = {
			isa = PBXGroup;
			children = (
				8F49896D27CDF59800432C6B /* TitleRow.swift */,
				8F49897527CE22D800432C6B /* MassageBubble.swift */,
			);
			path = Component;
			sourceTree = "<group>";
		};
		8F49897027CE1F2700432C6B /* Models */ = {
			isa = PBXGroup;
			children = (
				8F49897127CE1F6800432C6B /* Message.swift */,
			);
			path = Models;
			sourceTree = "<group>";
		};
/* End PBXGroup section */

/* Begin PBXNativeTarget section */
		8F49895A27CDF1AB00432C6B /* SwiftUI_Chat_App */ = {
			isa = PBXNativeTarget;
			buildConfigurationList = 8F49896927CDF1AC00432C6B /* Build configuration list for PBXNativeTarget "SwiftUI_Chat_App" */;
			buildPhases = (
				8F49895727CDF1AB00432C6B /* Sources */,
				8F49895827CDF1AB00432C6B /* Frameworks */,
				8F49895927CDF1AB00432C6B /* Resources */,
			);
			buildRules = (
			);
			dependencies = (
			);
			name = SwiftUI_Chat_App;
			productName = SwiftUI_Chat_App;
			productReference = 8F49895B27CDF1AB00432C6B /* SwiftUI_Chat_App.app */;
			productType = "com.apple.product-type.application";
		};
/* End PBXNativeTarget section */

/* Begin PBXProject section */
		8F49895327CDF1AA00432C6B /* Project object */ = {
			isa = PBXProject;
			attributes = {
				BuildIndependentTargetsInParallel = 1;
				LastSwiftUpdateCheck = 1320;
				LastUpgradeCheck = 1320;
				TargetAttributes = {
					8F49895A27CDF1AB00432C6B = {
						CreatedOnToolsVersion = 13.2.1;
					};
				};
			};
			buildConfigurationList = 8F49895627CDF1AA00432C6B /* Build configuration list for PBXProject "SwiftUI_Chat_App" */;
			compatibilityVersion = "Xcode 13.0";
			developmentRegion = en;
			hasScannedForEncodings = 0;
			knownRegions = (
				en,
				Base,
			);
			mainGroup = 8F49895227CDF1AA00432C6B;
			productRefGroup = 8F49895C27CDF1AB00432C6B /* Products */;
			projectDirPath = "";
			projectRoot = "";
			targets = (
				8F49895A27CDF1AB00432C6B /* SwiftUI_Chat_App */,
			);
		};
/* End PBXProject section */

/* Begin PBXResourcesBuildPhase section */
		8F49895927CDF1AB00432C6B /* Resources */ = {
			isa = PBXResourcesBuildPhase;
			buildActionMask = 2147483647;
			files = (
				8F49896627CDF1AC00432C6B /* Preview Assets.xcassets in Resources */,
				8F49896327CDF1AC00432C6B /* Assets.xcassets in Resources */,
			);
			runOnlyForDeploymentPostprocessing = 0;
		};
/* End PBXResourcesBuildPhase section */

/* Begin PBXSourcesBuildPhase section */
		8F49895727CDF1AB00432C6B /* Sources */ = {
			isa = PBXSourcesBuildPhase;
			buildActionMask = 2147483647;
			files = (
				8F49897627CE22D800432C6B /* MassageBubble.swift in Sources */,
				8F49897827CE3C1100432C6B /* Extensions.swift in Sources */,
				8F49896127CDF1AB00432C6B /* ContentView.swift in Sources */,
				8F49897227CE1F6800432C6B /* Message.swift in Sources */,
				8F49895F27CDF1AB00432C6B /* SwiftUI_Chat_AppApp.swift in Sources */,
				8F49896E27CDF59800432C6B /* TitleRow.swift in Sources */,
			);
			runOnlyForDeploymentPostprocessing = 0;
		};
/* End PBXSourcesBuildPhase section */

/* Begin XCBuildConfiguration section */
		8F49896727CDF1AC00432C6B /* Debug */ = {
			isa = XCBuildConfiguration;
			buildSettings = {
				ALWAYS_SEARCH_USER_PATHS = NO;
				CLANG_ANALYZER_NONNULL = YES;
				CLANG_ANALYZER_NUMBER_OBJECT_CONVERSION = YES_AGGRESSIVE;
				CLANG_CXX_LANGUAGE_STANDARD = "gnu++17";
				CLANG_CXX_LIBRARY = "libc++";
				CLANG_ENABLE_MODULES = YES;
				CLANG_ENABLE_OBJC_ARC = YES;
				CLANG_ENABLE_OBJC_WEAK = YES;
				CLANG_WARN_BLOCK_CAPTURE_AUTORELEASING = YES;
				CLANG_WARN_BOOL_CONVERSION = YES;
				CLANG_WARN_COMMA = YES;
				CLANG_WARN_CONSTANT_CONVERSION = YES;
				CLANG_WARN_DEPRECATED_OBJC_IMPLEMENTATIONS = YES;
				CLANG_WARN_DIRECT_OBJC_ISA_USAGE = YES_ERROR;
				CLANG_WARN_DOCUMENTATION_COMMENTS = YES;
				CLANG_WARN_EMPTY_BODY = YES;
				CLANG_WARN_ENUM_CONVERSION = YES;
				CLANG_WARN_INFINITE_RECURSION = YES;
				CLANG_WARN_INT_CONVERSION = YES;
				CLANG_WARN_NON_LITERAL_NULL_CONVERSION = YES;
				CLANG_WARN_OBJC_IMPLICIT_RETAIN_SELF = YES;
				CLANG_WARN_OBJC_LITERAL_CONVERSION = YES;
				CLANG_WARN_OBJC_ROOT_CLASS = YES_ERROR;
				CLANG_WARN_QUOTED_INCLUDE_IN_FRAMEWORK_HEADER = YES;
				CLANG_WARN_RANGE_LOOP_ANALYSIS = YES;
				CLANG_WARN_STRICT_PROTOTYPES = YES;
				CLANG_WARN_SUSPICIOUS_MOVE = YES;
				CLANG_WARN_UNGUARDED_AVAILABILITY = YES_AGGRESSIVE;
				CLANG_WARN_UNREACHABLE_CODE = YES;
				CLANG_WARN__DUPLICATE_METHOD_MATCH = YES;
				COPY_PHASE_STRIP = NO;
				DEBUG_INFORMATION_FORMAT = dwarf;
				ENABLE_STRICT_OBJC_MSGSEND = YES;
				ENABLE_TESTABILITY = YES;
				GCC_C_LANGUAGE_STANDARD = gnu11;
				GCC_DYNAMIC_NO_PIC = NO;
				GCC_NO_COMMON_BLOCKS = YES;
				GCC_OPTIMIZATION_LEVEL = 0;
				GCC_PREPROCESSOR_DEFINITIONS = (
					"DEBUG=1",
					"$(inherited)",
				);
				GCC_WARN_64_TO_32_BIT_CONVERSION = YES;
				GCC_WARN_ABOUT_RETURN_TYPE = YES_ERROR;
				GCC_WARN_UNDECLARED_SELECTOR = YES;
				GCC_WARN_UNINITIALIZED_AUTOS = YES_AGGRESSIVE;
				GCC_WARN_UNUSED_FUNCTION = YES;
				GCC_WARN_UNUSED_VARIABLE = YES;
				IPHONEOS_DEPLOYMENT_TARGET = 15.2;
				MTL_ENABLE_DEBUG_INFO = INCLUDE_SOURCE;
				MTL_FAST_MATH = YES;
				ONLY_ACTIVE_ARCH = YES;
				SDKROOT = iphoneos;
				SWIFT_ACTIVE_COMPILATION_CONDITIONS = DEBUG;
				SWIFT_OPTIMIZATION_LEVEL = "-Onone";
			};
			name = Debug;
		};
		8F49896827CDF1AC00432C6B /* Release */ = {
			isa = XCBuildConfiguration;
			buildSettings = {
				ALWAYS_SEARCH_USER_PATHS = NO;
				CLANG_ANALYZER_NONNULL = YES;
				CLANG_ANALYZER_NUMBER_OBJECT_CONVERSION = YES_AGGRESSIVE;
				CLANG_CXX_LANGUAGE_STANDARD = "gnu++17";
				CLANG_CXX_LIBRARY = "libc++";
				CLANG_ENABLE_MODULES = YES;
				CLANG_ENABLE_OBJC_ARC = YES;
				CLANG_ENABLE_OBJC_WEAK = YES;
				CLANG_WARN_BLOCK_CAPTURE_AUTORELEASING = YES;
				CLANG_WARN_BOOL_CONVERSION = YES;
				CLANG_WARN_COMMA = YES;
				CLANG_WARN_CONSTANT_CONVERSION = YES;
				CLANG_WARN_DEPRECATED_OBJC_IMPLEMENTATIONS = YES;
				CLANG_WARN_DIRECT_OBJC_ISA_USAGE = YES_ERROR;
				CLANG_WARN_DOCUMENTATION_COMMENTS = YES;
				CLANG_WARN_EMPTY_BODY = YES;
				CLANG_WARN_ENUM_CONVERSION = YES;
				CLANG_WARN_INFINITE_RECURSION = YES;
				CLANG_WARN_INT_CONVERSION = YES;
				CLANG_WARN_NON_LITERAL_NULL_CONVERSION = YES;
				CLANG_WARN_OBJC_IMPLICIT_RETAIN_SELF = YES;
				CLANG_WARN_OBJC_LITERAL_CONVERSION = YES;
				CLANG_WARN_OBJC_ROOT_CLASS = YES_ERROR;
				CLANG_WARN_QUOTED_INCLUDE_IN_FRAMEWORK_HEADER = YES;
				CLANG_WARN_RANGE_LOOP_ANALYSIS = YES;
				CLANG_WARN_STRICT_PROTOTYPES = YES;
				CLANG_WARN_SUSPICIOUS_MOVE = YES;
				CLANG_WARN_UNGUARDED_AVAILABILITY = YES_AGGRESSIVE;
				CLANG_WARN_UNREACHABLE_CODE = YES;
				CLANG_WARN__DUPLICATE_METHOD_MATCH = YES;
				COPY_PHASE_STRIP = NO;
				DEBUG_INFORMATION_FORMAT = "dwarf-with-dsym";
				ENABLE_NS_ASSERTIONS = NO;
				ENABLE_STRICT_OBJC_MSGSEND = YES;
				GCC_C_LANGUAGE_STANDARD = gnu11;
				GCC_NO_COMMON_BLOCKS = YES;
				GCC_WARN_64_TO_32_BIT_CONVERSION = YES;
				GCC_WARN_ABOUT_RETURN_TYPE = YES_ERROR;
				GCC_WARN_UNDECLARED_SELECTOR = YES;
				GCC_WARN_UNINITIALIZED_AUTOS = YES_AGGRESSIVE;
				GCC_WARN_UNUSED_FUNCTION = YES;
				GCC_WARN_UNUSED_VARIABLE = YES;
				IPHONEOS_DEPLOYMENT_TARGET = 15.2;
				MTL_ENABLE_DEBUG_INFO = NO;
				MTL_FAST_MATH = YES;
				SDKROOT = iphoneos;
				SWIFT_COMPILATION_MODE = wholemodule;
				SWIFT_OPTIMIZATION_LEVEL = "-O";
				VALIDATE_PRODUCT = YES;
			};
			name = Release;
		};
		8F49896A27CDF1AC00432C6B /* Debug */ = {
			isa = XCBuildConfiguration;
			buildSettings = {
				ASSETCATALOG_COMPILER_APPICON_NAME = AppIcon;
				ASSETCATALOG_COMPILER_GLOBAL_ACCENT_COLOR_NAME = AccentColor;
				CODE_SIGN_STYLE = Automatic;
				CURRENT_PROJECT_VERSION = 1;
				DEVELOPMENT_ASSET_PATHS = "\"SwiftUI_Chat_App/Preview Content\"";
				ENABLE_PREVIEWS = YES;
				GENERATE_INFOPLIST_FILE = YES;
				INFOPLIST_KEY_UIApplicationSceneManifest_Generation = YES;
				INFOPLIST_KEY_UIApplicationSupportsIndirectInputEvents = YES;
				INFOPLIST_KEY_UILaunchScreen_Generation = YES;
				INFOPLIST_KEY_UISupportedInterfaceOrientations_iPad = "UIInterfaceOrientationPortrait UIInterfaceOrientationPortraitUpsideDown UIInterfaceOrientationLandscapeLeft UIInterfaceOrientationLandscapeRight";
				INFOPLIST_KEY_UISupportedInterfaceOrientations_iPhone = "UIInterfaceOrientationPortrait UIInterfaceOrientationLandscapeLeft UIInterfaceOrientationLandscapeRight";
				LD_RUNPATH_SEARCH_PATHS = (
					"$(inherited)",
					"@executable_path/Frameworks",
				);
				MARKETING_VERSION = 1.0;
				PRODUCT_BUNDLE_IDENTIFIER = "towhid.SwiftUI-Chat-App";
				PRODUCT_NAME = "$(TARGET_NAME)";
				SWIFT_EMIT_LOC_STRINGS = YES;
				SWIFT_VERSION = 5.0;
				TARGETED_DEVICE_FAMILY = "1,2";
			};
			name = Debug;
		};
		8F49896B27CDF1AC00432C6B /* Release */ = {
			isa = XCBuildConfiguration;
			buildSettings = {
				ASSETCATALOG_COMPILER_APPICON_NAME = AppIcon;
				ASSETCATALOG_COMPILER_GLOBAL_ACCENT_COLOR_NAME = AccentColor;
				CODE_SIGN_STYLE = Automatic;
				CURRENT_PROJECT_VERSION = 1;
				DEVELOPMENT_ASSET_PATHS = "\"SwiftUI_Chat_App/Preview Content\"";
				ENABLE_PREVIEWS = YES;
				GENERATE_INFOPLIST_FILE = YES;
				INFOPLIST_KEY_UIApplicationSceneManifest_Generation = YES;
				INFOPLIST_KEY_UIApplicationSupportsIndirectInputEvents = YES;
				INFOPLIST_KEY_UILaunchScreen_Generation = YES;
				INFOPLIST_KEY_UISupportedInterfaceOrientations_iPad = "UIInterfaceOrientationPortrait UIInterfaceOrientationPortraitUpsideDown UIInterfaceOrientationLandscapeLeft UIInterfaceOrientationLandscapeRight";
				INFOPLIST_KEY_UISupportedInterfaceOrientations_iPhone = "UIInterfaceOrientationPortrait UIInterfaceOrientationLandscapeLeft UIInterfaceOrientationLandscapeRight";
				LD_RUNPATH_SEARCH_PATHS = (
					"$(inherited)",
					"@executable_path/Frameworks",
				);
				MARKETING_VERSION = 1.0;
				PRODUCT_BUNDLE_IDENTIFIER = "towhid.SwiftUI-Chat-App";
				PRODUCT_NAME = "$(TARGET_NAME)";
				SWIFT_EMIT_LOC_STRINGS = YES;
				SWIFT_VERSION = 5.0;
				TARGETED_DEVICE_FAMILY = "1,2";
			};
			name = Release;
		};
/* End XCBuildConfiguration section */

/* Begin XCConfigurationList section */
		8F49895627CDF1AA00432C6B /* Build configuration list for PBXProject "SwiftUI_Chat_App" */ = {
			isa = XCConfigurationList;
			buildConfigurations = (
				8F49896727CDF1AC00432C6B /* Debug */,
				8F49896827CDF1AC00432C6B /* Release */,
			);
			defaultConfigurationIsVisible = 0;
			defaultConfigurationName = Release;
		};
		8F49896927CDF1AC00432C6B /* Build configuration list for PBXNativeTarget "SwiftUI_Chat_App" */ = {
			isa = XCConfigurationList;
			buildConfigurations = (
				8F49896A27CDF1AC00432C6B /* Debug */,
				8F49896B27CDF1AC00432C6B /* Release */,
			);
			defaultConfigurationIsVisible = 0;
			defaultConfigurationName = Release;
		};
/* End XCConfigurationList section */
	};
	rootObject = 8F49895327CDF1AA00432C6B /* Project object */;
}
